
Microsoft Visual Studio Solution File, Format Version 12.00
# Visual Studio Version 16
VisualStudioVersion = 16.0.32407.337
MinimumVisualStudioVersion = 10.0.40219.1
Project("{FAE04EC0-301F-11D3-BF4B-00C04F79EFBC}") = "ConsoleApp1", "ConsoleApp1.csproj", "{210075D3-8220-4849-B886-6BF82772824C}"
EndProject
Global
	GlobalSection(SolutionConfigurationPlatforms) = preSolution
		Debug|Any CPU = Debug|Any CPU
		Release|Any CPU = Release|Any CPU
	EndGlobalSection
	GlobalSection(ProjectConfigurationPlatforms) = postSolution
		{210075D3-8220-4849-B886-6BF82772824C}.Debug|Any CPU.ActiveCfg = Debug|Any CPU
		{210075D3-8220-4849-B886-6BF82772824C}.Debug|Any CPU.Build.0 = Debug|Any CPU
		{210075D3-8220-4849-B886-6BF82772824C}.Release|Any CPU.ActiveCfg = Release|Any CPU
		{210075D3-8220-4849-B886-6BF82772824C}.Release|Any CPU.Build.0 = Release|Any CPU
	EndGlobalSection
	GlobalSection(SolutionProperties) = preSolution
		HideSolutionNode = FALSE
	EndGlobalSection
	GlobalSection(ExtensibilityGlobals) = postSolution
		SolutionGuid = {8ED38752-5311-4FAB-A1B7-F010A62B184A}
	EndGlobalSection
EndGlobal
